
Microsoft Visual Studio Solution File, Format Version 12.00
# Visual Studio Version 17
VisualStudioVersion = 17.10.35013.160
MinimumVisualStudioVersion = 10.0.40219.1
Project("{FAE04EC0-301F-11D3-BF4B-00C04F79EFBC}") = "WebApplication2", "WebApplication2\WebApplication2.csproj", "{65C3FD46-B8DC-4B17-A0ED-D5E6A0169045}"
EndProject
Global
	GlobalSection(SolutionConfigurationPlatforms) = preSolution
		Debug|Any CPU = Debug|Any CPU
		Release|Any CPU = Release|Any CPU
	EndGlobalSection
	GlobalSection(ProjectConfigurationPlatforms) = postSolution
		{65C3FD46-B8DC-4B17-A0ED-D5E6A0169045}.Debug|Any CPU.ActiveCfg = Debug|Any CPU
		{65C3FD46-B8DC-4B17-A0ED-D5E6A0169045}.Debug|Any CPU.Build.0 = Debug|Any CPU
		{65C3FD46-B8DC-4B17-A0ED-D5E6A0169045}.Release|Any CPU.ActiveCfg = Release|Any CPU
		{65C3FD46-B8DC-4B17-A0ED-D5E6A0169045}.Release|Any CPU.Build.0 = Release|Any CPU
	EndGlobalSection
	GlobalSection(SolutionProperties) = preSolution
		HideSolutionNode = FALSE
	EndGlobalSection
	GlobalSection(ExtensibilityGlobals) = postSolution
		SolutionGuid = {C90B3752-5C14-4DDD-AEB1-F747D6B893A5}
	EndGlobalSection
EndGlobal
